Microsoft Visual Studio Solution File, Format Version 12.00
# Visual Studio Version 17
VisualStudioVersion = 17.5.2.0
MinimumVisualStudioVersion = 10.0.40219.1
Project("{FAE04EC0-301F-11D3-BF4B-00C04F79EFBC}") = "TransportInfoManagement.API", "TransportInfoManagement.API.csproj", "{B80595E4-2E6B-07CA-D229-3E3DAE40F6D8}"
EndProject
Global
	GlobalSection(SolutionConfigurationPlatforms) = preSolution
		Debug|Any CPU = Debug|Any CPU
		Release|Any CPU = Release|Any CPU
	EndGlobalSection
	GlobalSection(ProjectConfigurationPlatforms) = postSolution
		{B80595E4-2E6B-07CA-D229-3E3DAE40F6D8}.Debug|Any CPU.ActiveCfg = Debug|Any CPU
		{B80595E4-2E6B-07CA-D229-3E3DAE40F6D8}.Debug|Any CPU.Build.0 = Debug|Any CPU
		{B80595E4-2E6B-07CA-D229-3E3DAE40F6D8}.Release|Any CPU.ActiveCfg = Release|Any CPU
		{B80595E4-2E6B-07CA-D229-3E3DAE40F6D8}.Release|Any CPU.Build.0 = Release|Any CPU
	EndGlobalSection
	GlobalSection(SolutionProperties) = preSolution
		HideSolutionNode = FALSE
	EndGlobalSection
	GlobalSection(ExtensibilityGlobals) = postSolution
		SolutionGuid = {4B557F5B-7210-4079-A69C-73FFEBCB515E}
	EndGlobalSection
EndGlobal
